
Microsoft Visual Studio Solution File, Format Version 12.00
# Visual Studio Version 17
VisualStudioVersion = 17.5.33414.496
MinimumVisualStudioVersion = 10.0.40219.1
Project("{8BC9CEB8-8B4A-11D0-8D11-00A0C91BC942}") = "二叉树", "二叉树.vcxproj", "{39F5AD54-A0ED-4B86-9ABA-B1565D343BF1}"
EndProject
Global
	GlobalSection(SolutionConfigurationPlatforms) = preSolution
		Debug|x64 = Debug|x64
		Debug|x86 = Debug|x86
		Release|x64 = Release|x64
		Release|x86 = Release|x86
	EndGlobalSection
	GlobalSection(ProjectConfigurationPlatforms) = postSolution
		{39F5AD54-A0ED-4B86-9ABA-B1565D343BF1}.Debug|x64.ActiveCfg = Debug|x64
		{39F5AD54-A0ED-4B86-9ABA-B1565D343BF1}.Debug|x64.Build.0 = Debug|x64
		{39F5AD54-A0ED-4B86-9ABA-B1565D343BF1}.Debug|x86.ActiveCfg = Debug|Win32
		{39F5AD54-A0ED-4B86-9ABA-B1565D343BF1}.Debug|x86.Build.0 = Debug|Win32
		{39F5AD54-A0ED-4B86-9ABA-B1565D343BF1}.Release|x64.ActiveCfg = Release|x64
		{39F5AD54-A0ED-4B86-9ABA-B1565D343BF1}.Release|x64.Build.0 = Release|x64
		{39F5AD54-A0ED-4B86-9ABA-B1565D343BF1}.Release|x86.ActiveCfg = Release|Win32
		{39F5AD54-A0ED-4B86-9ABA-B1565D343BF1}.Release|x86.Build.0 = Release|Win32
	EndGlobalSection
	GlobalSection(SolutionProperties) = preSolution
		HideSolutionNode = FALSE
	EndGlobalSection
	GlobalSection(ExtensibilityGlobals) = postSolution
		SolutionGuid = {26C04A2E-FD24-47DB-97B8-11DB48BF245D}
	EndGlobalSection
EndGlobal
